
Microsoft Visual Studio Solution File, Format Version 12.00
# Visual Studio Express 2012 for Web
Project("{FAE04EC0-301F-11D3-BF4B-00C04F79EFBC}") = "Validation", "Validation\Validation.csproj", "{DEFCC8FC-47D3-4262-9444-BABF136541B5}"
EndProject
Project("{FAE04EC0-301F-11D3-BF4B-00C04F79EFBC}") = "Validation.Tests", "Validation.Tests\Validation.Tests.csproj", "{4D4D1278-9F61-45A1-AD0C-EBBEBB612D3B}"
EndProject
Global
	GlobalSection(SolutionConfigurationPlatforms) = preSolution
		Debug|Any CPU = Debug|Any CPU
		Release|Any CPU = Release|Any CPU
	EndGlobalSection
	GlobalSection(ProjectConfigurationPlatforms) = postSolution
		{DEFCC8FC-47D3-4262-9444-BABF136541B5}.Debug|Any CPU.ActiveCfg = Debug|Any CPU
		{DEFCC8FC-47D3-4262-9444-BABF136541B5}.Debug|Any CPU.Build.0 = Debug|Any CPU
		{DEFCC8FC-47D3-4262-9444-BABF136541B5}.Release|Any CPU.ActiveCfg = Release|Any CPU
		{DEFCC8FC-47D3-4262-9444-BABF136541B5}.Release|Any CPU.Build.0 = Release|Any CPU
		{4D4D1278-9F61-45A1-AD0C-EBBEBB612D3B}.Debug|Any CPU.ActiveCfg = Debug|Any CPU
		{4D4D1278-9F61-45A1-AD0C-EBBEBB612D3B}.Debug|Any CPU.Build.0 = Debug|Any CPU
		{4D4D1278-9F61-45A1-AD0C-EBBEBB612D3B}.Release|Any CPU.ActiveCfg = Release|Any CPU
		{4D4D1278-9F61-45A1-AD0C-EBBEBB612D3B}.Release|Any CPU.Build.0 = Release|Any CPU
	EndGlobalSection
	GlobalSection(SolutionProperties) = preSolution
		HideSolutionNode = FALSE
	EndGlobalSection
EndGlobal
